{
  "schema_version": 1,
  "harness": {
    "version": "0.2.0",
    "commit": "9260d3a04f658b6eeec86a8dc88563d2051cb09d"
  },
  "resolved_at": "2026-09-17",
  "standards": [
    {
      "path": "core/language.md",
      "version": "0.2.0",
      "digest": "sha256:a287cabaf0609331541afd18cc1b3f3d1aead42642446263fe44bc3bc9100f3f"
    },
    {
      "path": "core/documentation.md",
      "version": "0.2.0",
      "digest": "sha256:eb385b7a6baa1c6007affcb4bb4f9101c9e430bb1277fc5607b4c5475c1d8052"
    },
    {
      "path": "core/agent-artifacts.md",
      "version": "0.2.0",
      "digest": "sha256:cb54e704af8d32f42b302eaaefe06fa289ca2eb8136960e3330af49614f4444e"
    },
    {
      "path": "core/git.md",
      "version": "0.2.0",
      "digest": "sha256:057fd5446aca2327f5e955124ca3d21fa33488ac7fac5650a80cf804b990baa6"
    },
    {
      "path": "core/security.md",
      "version": "0.2.0",
      "digest": "sha256:c16c9832ba9ae5a9b9673289b2c56df709873a1566ecfa52918735357dd096f8"
    },
    {
      "path": "core/testing.md",
      "version": "0.2.0",
      "digest": "sha256:adcd46c51e4b11f63fdc91a0577fa4987254f3f9a95a57a56f707feb8612b69e"
    },
    {
      "path": "core/observability.md",
      "version": "0.2.0",
      "digest": "sha256:a1dbb2936bda6eec0a7d42d4af2e910cb0f1b8e3a08f6f3fb7d8af71f6e83096"
    },
    {
      "path": "core/ai.md",
      "version": "0.2.0",
      "digest": "sha256:d9b0864fe2fc6d602c424fef4d43ce87990a870effb97afb464d461c1bc296c8"
    },
    {
      "path": "profiles/agent.md",
      "version": "0.2.0",
      "digest": "sha256:7fda868ab97071832b9bed517d65c802b6e2c723d01ea55219acca9d66032ce9"
    },
    {
      "path": "domains/finance.md",
      "version": "0.2.0",
      "digest": "sha256:33921aee357df52169511066d20b59e615b5147ab6829ff6bd77f33de94c6840"
    },
    {
      "path": "technologies/python.md",
      "version": "0.2.0",
      "digest": "sha256:d4ae5ad21c365984c2a720ae35beaddd18276ef5b05648dad9dd02395f79289f"
    }
  ]
}
